
Microsoft Visual Studio Solution File, Format Version 12.00
# Visual Studio Version 17
VisualStudioVersion = 17.9.34728.123
MinimumVisualStudioVersion = 10.0.40219.1
Project("{FAE04EC0-301F-11D3-BF4B-00C04F79EFBC}") = "Sistema_Rodonaves", "Sistema_Rodonaves.csproj", "{DC2E38FE-C7E3-40CE-A2CB-6500F0D1CBBB}"
EndProject
Global
	GlobalSection(SolutionConfigurationPlatforms) = preSolution
		Debug|Any CPU = Debug|Any CPU
		Release|Any CPU = Release|Any CPU
	EndGlobalSection
	GlobalSection(ProjectConfigurationPlatforms) = postSolution
		{DC2E38FE-C7E3-40CE-A2CB-6500F0D1CBBB}.Debug|Any CPU.ActiveCfg = Debug|Any CPU
		{DC2E38FE-C7E3-40CE-A2CB-6500F0D1CBBB}.Debug|Any CPU.Build.0 = Debug|Any CPU
		{DC2E38FE-C7E3-40CE-A2CB-6500F0D1CBBB}.Release|Any CPU.ActiveCfg = Release|Any CPU
		{DC2E38FE-C7E3-40CE-A2CB-6500F0D1CBBB}.Release|Any CPU.Build.0 = Release|Any CPU
	EndGlobalSection
	GlobalSection(SolutionProperties) = preSolution
		HideSolutionNode = FALSE
	EndGlobalSection
	GlobalSection(ExtensibilityGlobals) = postSolution
		SolutionGuid = {743FF2B7-2D90-4BDA-B353-032ADE8D78AF}
	EndGlobalSection
EndGlobal
